lockfileVersion: '6.0'

settings:
  autoInstallPeers: true
  excludeLinksFromLockfile: false

dependencies:
  '@trpc/client':
    specifier: ^10.38.1
    version: 10.38.1(@trpc/server@10.38.1)
  '@trpc/server':
    specifier: ^10.38.1
    version: 10.38.1
  zod:
    specifier: ^3.22.2
    version: 3.22.2

packages:

  /@trpc/client@10.38.1(@trpc/server@10.38.1):
    resolution: {integrity: sha512-kY7ZV7Eco5SeFIGJX6OBg7AAKkiMt5+1N+GC7N1lTZszrw95ZiNgtkZ5TI6+Un4O+RqrOcqqast6MeExCoyZhQ==}
    peerDependencies:
      '@trpc/server': 10.38.1
    dependencies:
      '@trpc/server': 10.38.1
    dev: false

  /@trpc/server@10.38.1:
    resolution: {integrity: sha512-59mM0Jk3cnWBExSv4Z4cw/776MPwa+rcVNywnV5gyHyK/p5qHtis1b1JPYdTEQZ0zhR+6zeto14rTR51hg+Nuw==}
    dev: false

  /zod@3.22.2:
    resolution: {integrity: sha512-wvWkphh5WQsJbVk1tbx1l1Ly4yg+XecD+Mq280uBGt9wa5BKSWf4Mhp6GmrkPixhMxmabYY7RbzlwVP32pbGCg==}
    dev: false
